
Microsoft Visual Studio Solution File, Format Version 12.00
# Visual Studio 15
VisualStudioVersion = 15.0.27130.2010
MinimumVisualStudioVersion = 10.0.40219.1
Project("{8BC9CEB8-8B4A-11D0-8D11-00A0C91BC942}") = "AtCoder_Beginner_063_A", "AtCoder_Beginner_063_A\AtCoder_Beginner_063_A.vcxproj", "{467077D9-9FA4-41A8-AB0B-3ED6D28BC862}"
EndProject
Global
	GlobalSection(SolutionConfigurationPlatforms) = preSolution
		Debug|x64 = Debug|x64
		Debug|x86 = Debug|x86
		Release|x64 = Release|x64
		Release|x86 = Release|x86
	EndGlobalSection
	GlobalSection(ProjectConfigurationPlatforms) = postSolution
		{467077D9-9FA4-41A8-AB0B-3ED6D28BC862}.Debug|x64.ActiveCfg = Debug|x64
		{467077D9-9FA4-41A8-AB0B-3ED6D28BC862}.Debug|x64.Build.0 = Debug|x64
		{467077D9-9FA4-41A8-AB0B-3ED6D28BC862}.Debug|x86.ActiveCfg = Debug|Win32
		{467077D9-9FA4-41A8-AB0B-3ED6D28BC862}.Debug|x86.Build.0 = Debug|Win32
		{467077D9-9FA4-41A8-AB0B-3ED6D28BC862}.Release|x64.ActiveCfg = Release|x64
		{467077D9-9FA4-41A8-AB0B-3ED6D28BC862}.Release|x64.Build.0 = Release|x64
		{467077D9-9FA4-41A8-AB0B-3ED6D28BC862}.Release|x86.ActiveCfg = Release|Win32
		{467077D9-9FA4-41A8-AB0B-3ED6D28BC862}.Release|x86.Build.0 = Release|Win32
	EndGlobalSection
	GlobalSection(SolutionProperties) = preSolution
		HideSolutionNode = FALSE
	EndGlobalSection
	GlobalSection(ExtensibilityGlobals) = postSolution
		SolutionGuid = {BE23E98A-1A7E-4AF1-910E-F63B448D15E8}
	EndGlobalSection
EndGlobal
